
Microsoft Visual Studio Solution File, Format Version 12.00
# Visual Studio Version 16
VisualStudioVersion = 16.0.28803.202
MinimumVisualStudioVersion = 10.0.40219.1
Project("{FAE04EC0-301F-11D3-BF4B-00C04F79EFBC}") = "DZ4_zadanie1", "DZ4_zadanie1\DZ4_zadanie1.csproj", "{1F05A753-1A07-4972-9376-80C0D9FED4C5}"
EndProject
Project("{FAE04EC0-301F-11D3-BF4B-00C04F79EFBC}") = "DZ4_zadanie2", "DZ4_zadanie2\DZ4_zadanie2.csproj", "{024FB76B-3F26-41BE-BB68-6FDD205C052F}"
EndProject
Global
	GlobalSection(SolutionConfigurationPlatforms) = preSolution
		Debug|Any CPU = Debug|Any CPU
		Release|Any CPU = Release|Any CPU
	EndGlobalSection
	GlobalSection(ProjectConfigurationPlatforms) = postSolution
		{1F05A753-1A07-4972-9376-80C0D9FED4C5}.Debug|Any CPU.ActiveCfg = Debug|Any CPU
		{1F05A753-1A07-4972-9376-80C0D9FED4C5}.Debug|Any CPU.Build.0 = Debug|Any CPU
		{1F05A753-1A07-4972-9376-80C0D9FED4C5}.Release|Any CPU.ActiveCfg = Release|Any CPU
		{1F05A753-1A07-4972-9376-80C0D9FED4C5}.Release|Any CPU.Build.0 = Release|Any CPU
		{024FB76B-3F26-41BE-BB68-6FDD205C052F}.Debug|Any CPU.ActiveCfg = Debug|Any CPU
		{024FB76B-3F26-41BE-BB68-6FDD205C052F}.Debug|Any CPU.Build.0 = Debug|Any CPU
		{024FB76B-3F26-41BE-BB68-6FDD205C052F}.Release|Any CPU.ActiveCfg = Release|Any CPU
		{024FB76B-3F26-41BE-BB68-6FDD205C052F}.Release|Any CPU.Build.0 = Release|Any CPU
	EndGlobalSection
	GlobalSection(SolutionProperties) = preSolution
		HideSolutionNode = FALSE
	EndGlobalSection
	GlobalSection(ExtensibilityGlobals) = postSolution
		SolutionGuid = {844D1E6A-4480-440B-A887-B42C5BB139B6}
	EndGlobalSection
EndGlobal
